
Microsoft Visual Studio Solution File, Format Version 12.00
# Visual Studio Version 16
VisualStudioVersion = 16.0.30114.105
MinimumVisualStudioVersion = 10.0.40219.1
Project("{2150E333-8FDC-42A3-9474-1A3956D46DE8}") = "src", "src", "{B74E7AB8-C432-4B91-BF99-554D9A3C0216}"
EndProject
Project("{FAE04EC0-301F-11D3-BF4B-00C04F79EFBC}") = "Customer", "src\Customer\Customer.csproj", "{62E729EA-037B-4B3B-B190-D99D4BEA1E16}"
EndProject
Project("{FAE04EC0-301F-11D3-BF4B-00C04F79EFBC}") = "CreditAnalysis", "src\CreditAnalysis\CreditAnalysis.csproj", "{B9E4315F-53A1-4C00-A5F1-D2BA21B53797}"
EndProject
Project("{FAE04EC0-301F-11D3-BF4B-00C04F79EFBC}") = "AntiFraud", "src\AntiFraud\AntiFraud.csproj", "{CE9E5C54-EB15-4692-BEC4-0ABDFBF9B6B5}"
EndProject
Project("{FAE04EC0-301F-11D3-BF4B-00C04F79EFBC}") = "Core", "src\Core\Core.csproj", "{1C15C54A-526B-44E7-BD19-F43BE413E565}"
EndProject
Global
	GlobalSection(SolutionConfigurationPlatforms) = preSolution
		Debug|Any CPU = Debug|Any CPU
		Release|Any CPU = Release|Any CPU
	EndGlobalSection
	GlobalSection(SolutionProperties) = preSolution
		HideSolutionNode = FALSE
	EndGlobalSection
	GlobalSection(NestedProjects) = preSolution
		{62E729EA-037B-4B3B-B190-D99D4BEA1E16} = {B74E7AB8-C432-4B91-BF99-554D9A3C0216}
		{B9E4315F-53A1-4C00-A5F1-D2BA21B53797} = {B74E7AB8-C432-4B91-BF99-554D9A3C0216}
		{CE9E5C54-EB15-4692-BEC4-0ABDFBF9B6B5} = {B74E7AB8-C432-4B91-BF99-554D9A3C0216}
		{1C15C54A-526B-44E7-BD19-F43BE413E565} = {B74E7AB8-C432-4B91-BF99-554D9A3C0216}
	EndGlobalSection
	GlobalSection(ProjectConfigurationPlatforms) = postSolution
		{62E729EA-037B-4B3B-B190-D99D4BEA1E16}.Debug|Any CPU.ActiveCfg = Debug|Any CPU
		{62E729EA-037B-4B3B-B190-D99D4BEA1E16}.Debug|Any CPU.Build.0 = Debug|Any CPU
		{62E729EA-037B-4B3B-B190-D99D4BEA1E16}.Release|Any CPU.ActiveCfg = Release|Any CPU
		{62E729EA-037B-4B3B-B190-D99D4BEA1E16}.Release|Any CPU.Build.0 = Release|Any CPU
		{B9E4315F-53A1-4C00-A5F1-D2BA21B53797}.Debug|Any CPU.ActiveCfg = Debug|Any CPU
		{B9E4315F-53A1-4C00-A5F1-D2BA21B53797}.Debug|Any CPU.Build.0 = Debug|Any CPU
		{B9E4315F-53A1-4C00-A5F1-D2BA21B53797}.Release|Any CPU.ActiveCfg = Release|Any CPU
		{B9E4315F-53A1-4C00-A5F1-D2BA21B53797}.Release|Any CPU.Build.0 = Release|Any CPU
		{CE9E5C54-EB15-4692-BEC4-0ABDFBF9B6B5}.Debug|Any CPU.ActiveCfg = Debug|Any CPU
		{CE9E5C54-EB15-4692-BEC4-0ABDFBF9B6B5}.Debug|Any CPU.Build.0 = Debug|Any CPU
		{CE9E5C54-EB15-4692-BEC4-0ABDFBF9B6B5}.Release|Any CPU.ActiveCfg = Release|Any CPU
		{CE9E5C54-EB15-4692-BEC4-0ABDFBF9B6B5}.Release|Any CPU.Build.0 = Release|Any CPU
		{1C15C54A-526B-44E7-BD19-F43BE413E565}.Debug|Any CPU.ActiveCfg = Debug|Any CPU
		{1C15C54A-526B-44E7-BD19-F43BE413E565}.Debug|Any CPU.Build.0 = Debug|Any CPU
		{1C15C54A-526B-44E7-BD19-F43BE413E565}.Release|Any CPU.ActiveCfg = Release|Any CPU
		{1C15C54A-526B-44E7-BD19-F43BE413E565}.Release|Any CPU.Build.0 = Release|Any CPU
	EndGlobalSection
EndGlobal
